
Microsoft Visual Studio Solution File, Format Version 12.00
# Visual Studio Version 17
VisualStudioVersion = 17.9.34728.123
MinimumVisualStudioVersion = 10.0.40219.1
Project("{FAE04EC0-301F-11D3-BF4B-00C04F79EFBC}") = "Basic Animation", "Basic Animation.csproj", "{B3BCC7CB-7EC3-43CF-A0F5-498CE826921E}"
EndProject
Global
	GlobalSection(SolutionConfigurationPlatforms) = preSolution
		Debug|Any CPU = Debug|Any CPU
		Release|Any CPU = Release|Any CPU
	EndGlobalSection
	GlobalSection(ProjectConfigurationPlatforms) = postSolution
		{B3BCC7CB-7EC3-43CF-A0F5-498CE826921E}.Debug|Any CPU.ActiveCfg = Debug|Any CPU
		{B3BCC7CB-7EC3-43CF-A0F5-498CE826921E}.Debug|Any CPU.Build.0 = Debug|Any CPU
		{B3BCC7CB-7EC3-43CF-A0F5-498CE826921E}.Release|Any CPU.ActiveCfg = Release|Any CPU
		{B3BCC7CB-7EC3-43CF-A0F5-498CE826921E}.Release|Any CPU.Build.0 = Release|Any CPU
	EndGlobalSection
	GlobalSection(SolutionProperties) = preSolution
		HideSolutionNode = FALSE
	EndGlobalSection
	GlobalSection(ExtensibilityGlobals) = postSolution
		SolutionGuid = {CBDBEB41-E89B-4BBE-88B1-5A24301AC75B}
	EndGlobalSection
EndGlobal
